
Microsoft Visual Studio Solution File, Format Version 12.00
# Visual Studio Version 16
VisualStudioVersion = 16.0.30128.74
MinimumVisualStudioVersion = 10.0.40219.1
Project("{FAE04EC0-301F-11D3-BF4B-00C04F79EFBC}") = "Calculator", "Calculator.csproj", "{951FBFFE-FEC4-4C9C-B630-DA99859FF865}"
EndProject
Global
	GlobalSection(SolutionConfigurationPlatforms) = preSolution
		Debug|Any CPU = Debug|Any CPU
		Release|Any CPU = Release|Any CPU
	EndGlobalSection
	GlobalSection(ProjectConfigurationPlatforms) = postSolution
		{951FBFFE-FEC4-4C9C-B630-DA99859FF865}.Debug|Any CPU.ActiveCfg = Debug|Any CPU
		{951FBFFE-FEC4-4C9C-B630-DA99859FF865}.Debug|Any CPU.Build.0 = Debug|Any CPU
		{951FBFFE-FEC4-4C9C-B630-DA99859FF865}.Release|Any CPU.ActiveCfg = Release|Any CPU
		{951FBFFE-FEC4-4C9C-B630-DA99859FF865}.Release|Any CPU.Build.0 = Release|Any CPU
	EndGlobalSection
	GlobalSection(SolutionProperties) = preSolution
		HideSolutionNode = FALSE
	EndGlobalSection
	GlobalSection(ExtensibilityGlobals) = postSolution
		SolutionGuid = {FC9360EC-9DD9-4FA9-9792-05CF92C0D80B}
	EndGlobalSection
EndGlobal
